dependencies:
- name: postgres
  repository: https://helm.zop.dev
  version: v0.0.11
- name: redis
  repository: https://helm.zop.dev
  version: v0.0.1
- name: service
  repository: https://helm.zop.dev
  version: v0.0.17
digest: sha256:f4ad2d01b97113c468ce284f4237dbf55ea2db1bb384995e31b5798e33b8103d
generated: "2025-07-28T10:58:26.677681+05:30"
