dependencies:
- name: postgres
  repository: https://helm.zop.dev
  version: v0.0.12
- name: redis
  repository: https://helm.zop.dev
  version: v0.0.1
- name: service
  repository: https://helm.zop.dev
  version: v0.0.32
digest: sha256:7c89214122464b5195ece55c706b974fb04a1228b40ef60c8a9dd9c18018346c
generated: "2026-07-30T16:18:41.708812+05:30"
