dependencies:
- name: postgres
  repository: https://helm.zop.dev
  version: v0.0.1
- name: redis
  repository: https://helm.zop.dev
  version: v0.0.1
- name: service
  repository: https://helm.zop.dev
  version: v0.0.16
digest: sha256:151ebe018e5fcb140cbe8d7af9f0391152dba0e275f951f6009c2f82865aeeea
generated: "2025-02-11T11:25:13.346534+05:30"
