dependencies:
- name: postgres
  repository: https://helm.zop.dev
  version: v0.0.2
- name: redis
  repository: https://helm.zop.dev
  version: v0.0.1
- name: service
  repository: https://helm.zop.dev
  version: v0.0.19
digest: sha256:71b07094e422a24fef2f2a8d8cf7ae8d324d998d6af4cc9f5bee915e778d3b62
generated: "2025-03-19T18:11:37.036372+05:30"
